{
  "originHash" : "6f3fddce9de64c7cbfc17dbf6cbf72e1d8f439c9b277f2424345f62a654dc3b2",
  "pins" : [
    {
      "identity" : "connectdebug-sp",
      "kind" : "remoteSourceControl",
      "location" : "https://github.com/go-acoustic/ConnectDebug-SP",
      "state" : {
        "revision" : "b378f1f00dfeb1ed50d6e4deda7a2794debc143d",
        "version" : "1.0.4"
      }
    }
  ],
  "version" : 3
}
