{
  "originHash" : "6f3fddce9de64c7cbfc17dbf6cbf72e1d8f439c9b277f2424345f62a654dc3b2",
  "pins" : [
    {
      "identity" : "connectdebug-sp",
      "kind" : "remoteSourceControl",
      "location" : "https://github.com/go-acoustic/ConnectDebug-SP",
      "state" : {
        "revision" : "2077e344bf2c230f70455bff9b1277ce53a0b5b5",
        "version" : "1.0.37"
      }
    }
  ],
  "version" : 3
}
